// !$*UTF8*$!
{
	archiveVersion = 1;
	classes = {
	};
	objectVersion = 50;
	objects = {

/* Begin PBXBuildFile section */
		5A84E97B267F859C0034EA80 /* AppDelegate.swift in Sources */ = {isa = PBXBuildFile; fileRef = 5A84E97A267F859C0034EA80 /* AppDelegate.swift */; };
		5A84E97D267F859C0034EA80 /* SceneDelegate.swift in Sources */ = {isa = PBXBuildFile; fileRef = 5A84E97C267F859C0034EA80 /* SceneDelegate.swift */; };
		5A84E97F267F859C0034EA80 /* ContentView.swift in Sources */ = {isa = PBXBuildFile; fileRef = 5A84E97E267F859C0034EA80 /* ContentView.swift */; };
		5A84E981267F859D0034EA80 /* Assets.xcassets in Resources */ = {isa = PBXBuildFile; fileRef = 5A84E980267F859D0034EA80 /* Assets.xcassets */; };
		5A84E984267F859D0034EA80 /* Preview Assets.xcassets in Resources */ = {isa = PBXBuildFile; fileRef = 5A84E983267F859D0034EA80 /* Preview Assets.xcassets */; };
		5A84E987267F859D0034EA80 /* LaunchScreen.storyboard in Resources */ = {isa = PBXBuildFile; fileRef = 5A84E985267F859D0034EA80 /* LaunchScreen.storyboard */; };
		5A84E992267F859D0034EA80 /* MarvelAppSwiftUITests.swift in Sources */ = {isa = PBXBuildFile; fileRef = 5A84E991267F859D0034EA80 /* MarvelAppSwiftUITests.swift */; };
		5A84E99D267F859E0034EA80 /* MarvelAppSwiftUIUITests.swift in Sources */ = {isa = PBXBuildFile; fileRef = 5A84E99C267F859E0034EA80 /* MarvelAppSwiftUIUITests.swift */; };
		5A84E9AF267F85CF0034EA80 /* CharacterResponseModel.swift in Sources */ = {isa = PBXBuildFile; fileRef = 5A84E9AD267F85CF0034EA80 /* CharacterResponseModel.swift */; };
		5A84E9B0267F85CF0034EA80 /* API.swift in Sources */ = {isa = PBXBuildFile; fileRef = 5A84E9AE267F85CF0034EA80 /* API.swift */; };
		5A84E9B5267F87070034EA80 /* DetailView.swift in Sources */ = {isa = PBXBuildFile; fileRef = 5A84E9B4267F87070034EA80 /* DetailView.swift */; };
		5A84E9BD267F872B0034EA80 /* ContentViewModel.swift in Sources */ = {isa = PBXBuildFile; fileRef = 5A84E9BC267F872B0034EA80 /* ContentViewModel.swift */; };
		5A84E9D6267F918E0034EA80 /* ImageProvider.swift in Sources */ = {isa = PBXBuildFile; fileRef = 5A84E9D5267F918E0034EA80 /* ImageProvider.swift */; };
/* End PBXBuildFile section */

/* Begin PBXContainerItemProxy section */
		5A84E98E267F859D0034EA80 /* PBXContainerItemProxy */ = {
			isa = PBXContainerItemProxy;
			containerPortal = 5A84E96F267F859C0034EA80 /* Project object */;
			proxyType = 1;
			remoteGlobalIDString = 5A84E976267F859C0034EA80;
			remoteInfo = MarvelAppSwiftUI;
		};
		5A84E999267F859E0034EA80 /* PBXContainerItemProxy */ = {
			isa = PBXContainerItemProxy;
			containerPortal = 5A84E96F267F859C0034EA80 /* Project object */;
			proxyType = 1;
			remoteGlobalIDString = 5A84E976267F859C0034EA80;
			remoteInfo = MarvelAppSwiftUI;
		};
/* End PBXContainerItemProxy section */

/* Begin PBXFileReference section */
		5A84E977267F859C0034EA80 /* MarvelAppSwiftUI.app */ = {isa = PBXFileReference; explicitFileType = wrapper.application; includeInIndex = 0; path = MarvelAppSwiftUI.app; sourceTree = BUILT_PRODUCTS_DIR; };
		5A84E97A267F859C0034EA80 /* AppDelegate.swift */ = {isa = PBXFileReference; lastKnownFileType = sourcecode.swift; path = AppDelegate.swift; sourceTree = "<group>"; };
		5A84E97C267F859C0034EA80 /* SceneDelegate.swift */ = {isa = PBXFileReference; lastKnownFileType = sourcecode.swift; path = SceneDelegate.swift; sourceTree = "<group>"; };
		5A84E97E267F859C0034EA80 /* ContentView.swift */ = {isa = PBXFileReference; lastKnownFileType = sourcecode.swift; path = ContentView.swift; sourceTree = "<group>"; };
		5A84E980267F859D0034EA80 /* Assets.xcassets */ = {isa = PBXFileReference; lastKnownFileType = folder.assetcatalog; path = Assets.xcassets; sourceTree = "<group>"; };
		5A84E983267F859D0034EA80 /* Preview Assets.xcassets */ = {isa = PBXFileReference; lastKnownFileType = folder.assetcatalog; path = "Preview Assets.xcassets"; sourceTree = "<group>"; };
		5A84E986267F859D0034EA80 /* Base */ = {isa = PBXFileReference; lastKnownFileType = file.storyboard; name = Base; path = Base.lproj/LaunchScreen.storyboard; sourceTree = "<group>"; };
		5A84E988267F859D0034EA80 /* Info.plist */ = {isa = PBXFileReference; lastKnownFileType = text.plist.xml; path = Info.plist; sourceTree = "<group>"; };
		5A84E98D267F859D0034EA80 /* MarvelAppSwiftUITests.xctest */ = {isa = PBXFileReference; explicitFileType = wrapper.cfbundle; includeInIndex = 0; path = MarvelAppSwiftUITests.xctest; sourceTree = BUILT_PRODUCTS_DIR; };
		5A84E991267F859D0034EA80 /* MarvelAppSwiftUITests.swift */ = {isa = PBXFileReference; lastKnownFileType = sourcecode.swift; path = MarvelAppSwiftUITests.swift; sourceTree = "<group>"; };
		5A84E993267F859D0034EA80 /* Info.plist */ = {isa = PBXFileReference; lastKnownFileType = text.plist.xml; path = Info.plist; sourceTree = "<group>"; };
		5A84E998267F859E0034EA80 /* MarvelAppSwiftUIUITests.xctest */ = {isa = PBXFileReference; explicitFileType = wrapper.cfbundle; includeInIndex = 0; path = MarvelAppSwiftUIUITests.xctest; sourceTree = BUILT_PRODUCTS_DIR; };
		5A84E99C267F859E0034EA80 /* MarvelAppSwiftUIUITests.swift */ = {isa = PBXFileReference; lastKnownFileType = sourcecode.swift; path = MarvelAppSwiftUIUITests.swift; sourceTree = "<group>"; };
		5A84E99E267F859E0034EA80 /* Info.plist */ = {isa = PBXFileReference; lastKnownFileType = text.plist.xml; path = Info.plist; sourceTree = "<group>"; };
		5A84E9AD267F85CF0034EA80 /* CharacterResponseModel.swift */ = {isa = PBXFileReference; fileEncoding = 4; lastKnownFileType = sourcecode.swift; name = CharacterResponseModel.swift; path = "../../../MARVEL APPs /MarvelSwiftUI-master/MarvelSwiftUI/CharacterResponseModel.swift"; sourceTree = "<group>"; };
		5A84E9AE267F85CF0034EA80 /* API.swift */ = {isa = PBXFileReference; fileEncoding = 4; lastKnownFileType = sourcecode.swift; name = API.swift; path = "../../../MARVEL APPs /MarvelSwiftUI-master/MarvelSwiftUI/API.swift"; sourceTree = "<group>"; };
		5A84E9B4267F87070034EA80 /* DetailView.swift */ = {isa = PBXFileReference; lastKnownFileType = sourcecode.swift; path = DetailView.swift; sourceTree = "<group>"; };
		5A84E9BC267F872B0034EA80 /* ContentViewModel.swift */ = {isa = PBXFileReference; lastKnownFileType = sourcecode.swift; path = ContentViewModel.swift; sourceTree = "<group>"; };
		5A84E9D5267F918E0034EA80 /* ImageProvider.swift */ = {isa = PBXFileReference; lastKnownFileType = sourcecode.swift; path = ImageProvider.swift; sourceTree = "<group>"; };
/* End PBXFileReference section */

/* Begin PBXFrameworksBuildPhase section */
		5A84E974267F859C0034EA80 /* Frameworks */ = {
			isa = PBXFrameworksBuildPhase;
			buildActionMask = 2147483647;
			files = (
			);
			runOnlyForDeploymentPostprocessing = 0;
		};
		5A84E98A267F859D0034EA80 /* Frameworks */ = {
			isa = PBXFrameworksBuildPhase;
			buildActionMask = 2147483647;
			files = (
			);
			runOnlyForDeploymentPostprocessing = 0;
		};
		5A84E995267F859E0034EA80 /* Frameworks */ = {
			isa = PBXFrameworksBuildPhase;
			buildActionMask = 2147483647;
			files = (
			);
			runOnlyForDeploymentPostprocessing = 0;
		};
/* End PBXFrameworksBuildPhase section */

/* Begin PBXGroup section */
		5A84E96E267F859C0034EA80 = {
			isa = PBXGroup;
			children = (
				5A84E979267F859C0034EA80 /* MarvelAppSwiftUI */,
				5A84E990267F859D0034EA80 /* MarvelAppSwiftUITests */,
				5A84E99B267F859E0034EA80 /* MarvelAppSwiftUIUITests */,
				5A84E978267F859C0034EA80 /* Products */,
			);
			sourceTree = "<group>";
		};
		5A84E978267F859C0034EA80 /* Products */ = {
			isa = PBXGroup;
			children = (
				5A84E977267F859C0034EA80 /* MarvelAppSwiftUI.app */,
				5A84E98D267F859D0034EA80 /* MarvelAppSwiftUITests.xctest */,
				5A84E998267F859E0034EA80 /* MarvelAppSwiftUIUITests.xctest */,
			);
			name = Products;
			sourceTree = "<group>";
		};
		5A84E979267F859C0034EA80 /* MarvelAppSwiftUI */ = {
			isa = PBXGroup;
			children = (
				5A84E9AE267F85CF0034EA80 /* API.swift */,
				5A84E9AD267F85CF0034EA80 /* CharacterResponseModel.swift */,
				5A84E97A267F859C0034EA80 /* AppDelegate.swift */,
				5A84E97C267F859C0034EA80 /* SceneDelegate.swift */,
				5A84E97E267F859C0034EA80 /* ContentView.swift */,
				5A84E9BC267F872B0034EA80 /* ContentViewModel.swift */,
				5A84E9B4267F87070034EA80 /* DetailView.swift */,
				5A84E9D5267F918E0034EA80 /* ImageProvider.swift */,
				5A84E980267F859D0034EA80 /* Assets.xcassets */,
				5A84E985267F859D0034EA80 /* LaunchScreen.storyboard */,
				5A84E988267F859D0034EA80 /* Info.plist */,
				5A84E982267F859D0034EA80 /* Preview Content */,
			);
			path = MarvelAppSwiftUI;
			sourceTree = "<group>";
		};
		5A84E982267F859D0034EA80 /* Preview Content */ = {
			isa = PBXGroup;
			children = (
				5A84E983267F859D0034EA80 /* Preview Assets.xcassets */,
			);
			path = "Preview Content";
			sourceTree = "<group>";
		};
		5A84E990267F859D0034EA80 /* MarvelAppSwiftUITests */ = {
			isa = PBXGroup;
			children = (
				5A84E991267F859D0034EA80 /* MarvelAppSwiftUITests.swift */,
				5A84E993267F859D0034EA80 /* Info.plist */,
			);
			path = MarvelAppSwiftUITests;
			sourceTree = "<group>";
		};
		5A84E99B267F859E0034EA80 /* MarvelAppSwiftUIUITests */ = {
			isa = PBXGroup;
			children = (
				5A84E99C267F859E0034EA80 /* MarvelAppSwiftUIUITests.swift */,
				5A84E99E267F859E0034EA80 /* Info.plist */,
			);
			path = MarvelAppSwiftUIUITests;
			sourceTree = "<group>";
		};
/* End PBXGroup section */

/* Begin PBXNativeTarget section */
		5A84E976267F859C0034EA80 /* MarvelAppSwiftUI */ = {
			isa = PBXNativeTarget;
			buildConfigurationList = 5A84E9A1267F859E0034EA80 /* Build configuration list for PBXNativeTarget "MarvelAppSwiftUI" */;
			buildPhases = (
				5A84E973267F859C0034EA80 /* Sources */,
				5A84E974267F859C0034EA80 /* Frameworks */,
				5A84E975267F859C0034EA80 /* Resources */,
			);
			buildRules = (
			);
			dependencies = (
			);
			name = MarvelAppSwiftUI;
			productName = MarvelAppSwiftUI;
			productReference = 5A84E977267F859C0034EA80 /* MarvelAppSwiftUI.app */;
			productType = "com.apple.product-type.application";
		};
		5A84E98C267F859D0034EA80 /* MarvelAppSwiftUITests */ = {
			isa = PBXNativeTarget;
			buildConfigurationList = 5A84E9A4267F859E0034EA80 /* Build configuration list for PBXNativeTarget "MarvelAppSwiftUITests" */;
			buildPhases = (
				5A84E989267F859D0034EA80 /* Sources */,
				5A84E98A267F859D0034EA80 /* Frameworks */,
				5A84E98B267F859D0034EA80 /* Resources */,
			);
			buildRules = (
			);
			dependencies = (
				5A84E98F267F859D0034EA80 /* PBXTargetDependency */,
			);
			name = MarvelAppSwiftUITests;
			productName = MarvelAppSwiftUITests;
			productReference = 5A84E98D267F859D0034EA80 /* MarvelAppSwiftUITests.xctest */;
			productType = "com.apple.product-type.bundle.unit-test";
		};
		5A84E997267F859E0034EA80 /* MarvelAppSwiftUIUITests */ = {
			isa = PBXNativeTarget;
			buildConfigurationList = 5A84E9A7267F859E0034EA80 /* Build configuration list for PBXNativeTarget "MarvelAppSwiftUIUITests" */;
			buildPhases = (
				5A84E994267F859E0034EA80 /* Sources */,
				5A84E995267F859E0034EA80 /* Frameworks */,
				5A84E996267F859E0034EA80 /* Resources */,
			);
			buildRules = (
			);
			dependencies = (
				5A84E99A267F859E0034EA80 /* PBXTargetDependency */,
			);
			name = MarvelAppSwiftUIUITests;
			productName = MarvelAppSwiftUIUITests;
			productReference = 5A84E998267F859E0034EA80 /* MarvelAppSwiftUIUITests.xctest */;
			productType = "com.apple.product-type.bundle.ui-testing";
		};
/* End PBXNativeTarget section */

/* Begin PBXProject section */
		5A84E96F267F859C0034EA80 /* Project object */ = {
			isa = PBXProject;
			attributes = {
				LastSwiftUpdateCheck = 1240;
				LastUpgradeCheck = 1240;
				TargetAttributes = {
					5A84E976267F859C0034EA80 = {
						CreatedOnToolsVersion = 12.4;
					};
					5A84E98C267F859D0034EA80 = {
						CreatedOnToolsVersion = 12.4;
						TestTargetID = 5A84E976267F859C0034EA80;
					};
					5A84E997267F859E0034EA80 = {
						CreatedOnToolsVersion = 12.4;
						TestTargetID = 5A84E976267F859C0034EA80;
					};
				};
			};
			buildConfigurationList = 5A84E972267F859C0034EA80 /* Build configuration list for PBXProject "MarvelAppSwiftUI" */;
			compatibilityVersion = "Xcode 9.3";
			developmentRegion = en;
			hasScannedForEncodings = 0;
			knownRegions = (
				en,
				Base,
			);
			mainGroup = 5A84E96E267F859C0034EA80;
			productRefGroup = 5A84E978267F859C0034EA80 /* Products */;
			projectDirPath = "";
			projectRoot = "";
			targets = (
				5A84E976267F859C0034EA80 /* MarvelAppSwiftUI */,
				5A84E98C267F859D0034EA80 /* MarvelAppSwiftUITests */,
				5A84E997267F859E0034EA80 /* MarvelAppSwiftUIUITests */,
			);
		};
/* End PBXProject section */

/* Begin PBXResourcesBuildPhase section */
		5A84E975267F859C0034EA80 /* Resources */ = {
			isa = PBXResourcesBuildPhase;
			buildActionMask = 2147483647;
			files = (
				5A84E987267F859D0034EA80 /* LaunchScreen.storyboard in Resources */,
				5A84E984267F859D0034EA80 /* Preview Assets.xcassets in Resources */,
				5A84E981267F859D0034EA80 /* Assets.xcassets in Resources */,
			);
			runOnlyForDeploymentPostprocessing = 0;
		};
		5A84E98B267F859D0034EA80 /* Resources */ = {
			isa = PBXResourcesBuildPhase;
			buildActionMask = 2147483647;
			files = (
			);
			runOnlyForDeploymentPostprocessing = 0;
		};
		5A84E996267F859E0034EA80 /* Resources */ = {
			isa = PBXResourcesBuildPhase;
			buildActionMask = 2147483647;
			files = (
			);
			runOnlyForDeploymentPostprocessing = 0;
		};
/* End PBXResourcesBuildPhase section */

/* Begin PBXSourcesBuildPhase section */
		5A84E973267F859C0034EA80 /* Sources */ = {
			isa = PBXSourcesBuildPhase;
			buildActionMask = 2147483647;
			files = (
				5A84E9AF267F85CF0034EA80 /* CharacterResponseModel.swift in Sources */,
				5A84E9B5267F87070034EA80 /* DetailView.swift in Sources */,
				5A84E97B267F859C0034EA80 /* AppDelegate.swift in Sources */,
				5A84E9BD267F872B0034EA80 /* ContentViewModel.swift in Sources */,
				5A84E9D6267F918E0034EA80 /* ImageProvider.swift in Sources */,
				5A84E97D267F859C0034EA80 /* SceneDelegate.swift in Sources */,
				5A84E97F267F859C0034EA80 /* ContentView.swift in Sources */,
				5A84E9B0267F85CF0034EA80 /* API.swift in Sources */,
			);
			runOnlyForDeploymentPostprocessing = 0;
		};
		5A84E989267F859D0034EA80 /* Sources */ = {
			isa = PBXSourcesBuildPhase;
			buildActionMask = 2147483647;
			files = (
				5A84E992267F859D0034EA80 /* MarvelAppSwiftUITests.swift in Sources */,
			);
			runOnlyForDeploymentPostprocessing = 0;
		};
		5A84E994267F859E0034EA80 /* Sources */ = {
			isa = PBXSourcesBuildPhase;
			buildActionMask = 2147483647;
			files = (
				5A84E99D267F859E0034EA80 /* MarvelAppSwiftUIUITests.swift in Sources */,
			);
			runOnlyForDeploymentPostprocessing = 0;
		};
/* End PBXSourcesBuildPhase section */

/* Begin PBXTargetDependency section */
		5A84E98F267F859D0034EA80 /* PBXTargetDependency */ = {
			isa = PBXTargetDependency;
			target = 5A84E976267F859C0034EA80 /* MarvelAppSwiftUI */;
			targetProxy = 5A84E98E267F859D0034EA80 /* PBXContainerItemProxy */;
		};
		5A84E99A267F859E0034EA80 /* PBXTargetDependency */ = {
			isa = PBXTargetDependency;
			target = 5A84E976267F859C0034EA80 /* MarvelAppSwiftUI */;
			targetProxy = 5A84E999267F859E0034EA80 /* PBXContainerItemProxy */;
		};
/* End PBXTargetDependency section */

/* Begin PBXVariantGroup section */
		5A84E985267F859D0034EA80 /* LaunchScreen.storyboard */ = {
			isa = PBXVariantGroup;
			children = (
				5A84E986267F859D0034EA80 /* Base */,
			);
			name = LaunchScreen.storyboard;
			sourceTree = "<group>";
		};
/* End PBXVariantGroup section */

/* Begin XCBuildConfiguration section */
		5A84E99F267F859E0034EA80 /* Debug */ = {
			isa = XCBuildConfiguration;
			buildSettings = {
				ALWAYS_SEARCH_USER_PATHS = NO;
				CLANG_ANALYZER_NONNULL = YES;
				CLANG_ANALYZER_NUMBER_OBJECT_CONVERSION = YES_AGGRESSIVE;
				CLANG_CXX_LANGUAGE_STANDARD = "gnu++14";
				CLANG_CXX_LIBRARY = "libc++";
				CLANG_ENABLE_MODULES = YES;
				CLANG_ENABLE_OBJC_ARC = YES;
				CLANG_ENABLE_OBJC_WEAK = YES;
				CLANG_WARN_BLOCK_CAPTURE_AUTORELEASING = YES;
				CLANG_WARN_BOOL_CONVERSION = YES;
				CLANG_WARN_COMMA = YES;
				CLANG_WARN_CONSTANT_CONVERSION = YES;
				CLANG_WARN_DEPRECATED_OBJC_IMPLEMENTATIONS = YES;
				CLANG_WARN_DIRECT_OBJC_ISA_USAGE = YES_ERROR;
				CLANG_WARN_DOCUMENTATION_COMMENTS = YES;
				CLANG_WARN_EMPTY_BODY = YES;
				CLANG_WARN_ENUM_CONVERSION = YES;
				CLANG_WARN_INFINITE_RECURSION = YES;
				CLANG_WARN_INT_CONVERSION = YES;
				CLANG_WARN_NON_LITERAL_NULL_CONVERSION = YES;
				CLANG_WARN_OBJC_IMPLICIT_RETAIN_SELF = YES;
				CLANG_WARN_OBJC_LITERAL_CONVERSION = YES;
				CLANG_WARN_OBJC_ROOT_CLASS = YES_ERROR;
				CLANG_WARN_QUOTED_INCLUDE_IN_FRAMEWORK_HEADER = YES;
				CLANG_WARN_RANGE_LOOP_ANALYSIS = YES;
				CLANG_WARN_STRICT_PROTOTYPES = YES;
				CLANG_WARN_SUSPICIOUS_MOVE = YES;
				CLANG_WARN_UNGUARDED_AVAILABILITY = YES_AGGRESSIVE;
				CLANG_WARN_UNREACHABLE_CODE = YES;
				CLANG_WARN__DUPLICATE_METHOD_MATCH = YES;
				COPY_PHASE_STRIP = NO;
				DEBUG_INFORMATION_FORMAT = dwarf;
				ENABLE_STRICT_OBJC_MSGSEND = YES;
				ENABLE_TESTABILITY = YES;
				GCC_C_LANGUAGE_STANDARD = gnu11;
				GCC_DYNAMIC_NO_PIC = NO;
				GCC_NO_COMMON_BLOCKS = YES;
				GCC_OPTIMIZATION_LEVEL = 0;
				GCC_PREPROCESSOR_DEFINITIONS = (
					"DEBUG=1",
					"$(inherited)",
				);
				GCC_WARN_64_TO_32_BIT_CONVERSION = YES;
				GCC_WARN_ABOUT_RETURN_TYPE = YES_ERROR;
				GCC_WARN_UNDECLARED_SELECTOR = YES;
				GCC_WARN_UNINITIALIZED_AUTOS = YES_AGGRESSIVE;
				GCC_WARN_UNUSED_FUNCTION = YES;
				GCC_WARN_UNUSED_VARIABLE = YES;
				IPHONEOS_DEPLOYMENT_TARGET = 14.4;
				MTL_ENABLE_DEBUG_INFO = INCLUDE_SOURCE;
				MTL_FAST_MATH = YES;
				ONLY_ACTIVE_ARCH = YES;
				SDKROOT = iphoneos;
				SWIFT_ACTIVE_COMPILATION_CONDITIONS = DEBUG;
				SWIFT_OPTIMIZATION_LEVEL = "-Onone";
			};
			name = Debug;
		};
		5A84E9A0267F859E0034EA80 /* Release */ = {
			isa = XCBuildConfiguration;
			buildSettings = {
				ALWAYS_SEARCH_USER_PATHS = NO;
				CLANG_ANALYZER_NONNULL = YES;
				CLANG_ANALYZER_NUMBER_OBJECT_CONVERSION = YES_AGGRESSIVE;
				CLANG_CXX_LANGUAGE_STANDARD = "gnu++14";
				CLANG_CXX_LIBRARY = "libc++";
				CLANG_ENABLE_MODULES = YES;
				CLANG_ENABLE_OBJC_ARC = YES;
				CLANG_ENABLE_OBJC_WEAK = YES;
				CLANG_WARN_BLOCK_CAPTURE_AUTORELEASING = YES;
				CLANG_WARN_BOOL_CONVERSION = YES;
				CLANG_WARN_COMMA = YES;
				CLANG_WARN_CONSTANT_CONVERSION = YES;
				CLANG_WARN_DEPRECATED_OBJC_IMPLEMENTATIONS = YES;
				CLANG_WARN_DIRECT_OBJC_ISA_USAGE = YES_ERROR;
				CLANG_WARN_DOCUMENTATION_COMMENTS = YES;
				CLANG_WARN_EMPTY_BODY = YES;
				CLANG_WARN_ENUM_CONVERSION = YES;
				CLANG_WARN_INFINITE_RECURSION = YES;
				CLANG_WARN_INT_CONVERSION = YES;
				CLANG_WARN_NON_LITERAL_NULL_CONVERSION = YES;
				CLANG_WARN_OBJC_IMPLICIT_RETAIN_SELF = YES;
				CLANG_WARN_OBJC_LITERAL_CONVERSION = YES;
				CLANG_WARN_OBJC_ROOT_CLASS = YES_ERROR;
				CLANG_WARN_QUOTED_INCLUDE_IN_FRAMEWORK_HEADER = YES;
				CLANG_WARN_RANGE_LOOP_ANALYSIS = YES;
				CLANG_WARN_STRICT_PROTOTYPES = YES;
				CLANG_WARN_SUSPICIOUS_MOVE = YES;
				CLANG_WARN_UNGUARDED_AVAILABILITY = YES_AGGRESSIVE;
				CLANG_WARN_UNREACHABLE_CODE = YES;
				CLANG_WARN__DUPLICATE_METHOD_MATCH = YES;
				COPY_PHASE_STRIP = NO;
				DEBUG_INFORMATION_FORMAT = "dwarf-with-dsym";
				ENABLE_NS_ASSERTIONS = NO;
				ENABLE_STRICT_OBJC_MSGSEND = YES;
				GCC_C_LANGUAGE_STANDARD = gnu11;
				GCC_NO_COMMON_BLOCKS = YES;
				GCC_WARN_64_TO_32_BIT_CONVERSION = YES;
				GCC_WARN_ABOUT_RETURN_TYPE = YES_ERROR;
				GCC_WARN_UNDECLARED_SELECTOR = YES;
				GCC_WARN_UNINITIALIZED_AUTOS = YES_AGGRESSIVE;
				GCC_WARN_UNUSED_FUNCTION = YES;
				GCC_WARN_UNUSED_VARIABLE = YES;
				IPHONEOS_DEPLOYMENT_TARGET = 14.4;
				MTL_ENABLE_DEBUG_INFO = NO;
				MTL_FAST_MATH = YES;
				SDKROOT = iphoneos;
				SWIFT_COMPILATION_MODE = wholemodule;
				SWIFT_OPTIMIZATION_LEVEL = "-O";
				VALIDATE_PRODUCT = YES;
			};
			name = Release;
		};
		5A84E9A2267F859E0034EA80 /* Debug */ = {
			isa = XCBuildConfiguration;
			buildSettings = {
				ASSETCATALOG_COMPILER_APPICON_NAME = AppIcon;
				ASSETCATALOG_COMPILER_GLOBAL_ACCENT_COLOR_NAME = AccentColor;
				CODE_SIGN_STYLE = Automatic;
				DEVELOPMENT_ASSET_PATHS = "\"MarvelAppSwiftUI/Preview Content\"";
				DEVELOPMENT_TEAM = SL8XHPVUK3;
				ENABLE_PREVIEWS = YES;
				INFOPLIST_FILE = MarvelAppSwiftUI/Info.plist;
				LD_RUNPATH_SEARCH_PATHS = (
					"$(inherited)",
					"@executable_path/Frameworks",
				);
				PRODUCT_BUNDLE_IDENTIFIER = com.hasan.UserDefaultsExample.MarvelAppSwiftUI;
				PRODUCT_NAME = "$(TARGET_NAME)";
				SWIFT_VERSION = 5.0;
				TARGETED_DEVICE_FAMILY = "1,2";
			};
			name = Debug;
		};
		5A84E9A3267F859E0034EA80 /* Release */ = {
			isa = XCBuildConfiguration;
			buildSettings = {
				ASSETCATALOG_COMPILER_APPICON_NAME = AppIcon;
				ASSETCATALOG_COMPILER_GLOBAL_ACCENT_COLOR_NAME = AccentColor;
				CODE_SIGN_STYLE = Automatic;
				DEVELOPMENT_ASSET_PATHS = "\"MarvelAppSwiftUI/Preview Content\"";
				DEVELOPMENT_TEAM = SL8XHPVUK3;
				ENABLE_PREVIEWS = YES;
				INFOPLIST_FILE = MarvelAppSwiftUI/Info.plist;
				LD_RUNPATH_SEARCH_PATHS = (
					"$(inherited)",
					"@executable_path/Frameworks",
				);
				PRODUCT_BUNDLE_IDENTIFIER = com.hasan.UserDefaultsExample.MarvelAppSwiftUI;
				PRODUCT_NAME = "$(TARGET_NAME)";
				SWIFT_VERSION = 5.0;
				TARGETED_DEVICE_FAMILY = "1,2";
			};
			name = Release;
		};
		5A84E9A5267F859E0034EA80 /* Debug */ = {
			isa = XCBuildConfiguration;
			buildSettings = {
				ALWAYS_EMBED_SWIFT_STANDARD_LIBRARIES = YES;
				BUNDLE_LOADER = "$(TEST_HOST)";
				CODE_SIGN_STYLE = Automatic;
				DEVELOPMENT_TEAM = SL8XHPVUK3;
				INFOPLIST_FILE = MarvelAppSwiftUITests/Info.plist;
				IPHONEOS_DEPLOYMENT_TARGET = 14.4;
				LD_RUNPATH_SEARCH_PATHS = (
					"$(inherited)",
					"@executable_path/Frameworks",
					"@loader_path/Frameworks",
				);
				PRODUCT_BUNDLE_IDENTIFIER = com.hasan.UserDefaultsExample.MarvelAppSwiftUITests;
				PRODUCT_NAME = "$(TARGET_NAME)";
				SWIFT_VERSION = 5.0;
				TARGETED_DEVICE_FAMILY = "1,2";
				TEST_HOST = "$(BUILT_PRODUCTS_DIR)/MarvelAppSwiftUI.app/MarvelAppSwiftUI";
			};
			name = Debug;
		};
		5A84E9A6267F859E0034EA80 /* Release */ = {
			isa = XCBuildConfiguration;
			buildSettings = {
				ALWAYS_EMBED_SWIFT_STANDARD_LIBRARIES = YES;
				BUNDLE_LOADER = "$(TEST_HOST)";
				CODE_SIGN_STYLE = Automatic;
				DEVELOPMENT_TEAM = SL8XHPVUK3;
				INFOPLIST_FILE = MarvelAppSwiftUITests/Info.plist;
				IPHONEOS_DEPLOYMENT_TARGET = 14.4;
				LD_RUNPATH_SEARCH_PATHS = (
					"$(inherited)",
					"@executable_path/Frameworks",
					"@loader_path/Frameworks",
				);
				PRODUCT_BUNDLE_IDENTIFIER = com.hasan.UserDefaultsExample.MarvelAppSwiftUITests;
				PRODUCT_NAME = "$(TARGET_NAME)";
				SWIFT_VERSION = 5.0;
				TARGETED_DEVICE_FAMILY = "1,2";
				TEST_HOST = "$(BUILT_PRODUCTS_DIR)/MarvelAppSwiftUI.app/MarvelAppSwiftUI";
			};
			name = Release;
		};
		5A84E9A8267F859E0034EA80 /* Debug */ = {
			isa = XCBuildConfiguration;
			buildSettings = {
				ALWAYS_EMBED_SWIFT_STANDARD_LIBRARIES = YES;
				CODE_SIGN_STYLE = Automatic;
				DEVELOPMENT_TEAM = SL8XHPVUK3;
				INFOPLIST_FILE = MarvelAppSwiftUIUITests/Info.plist;
				LD_RUNPATH_SEARCH_PATHS = (
					"$(inherited)",
					"@executable_path/Frameworks",
					"@loader_path/Frameworks",
				);
				PRODUCT_BUNDLE_IDENTIFIER = com.hasan.UserDefaultsExample.MarvelAppSwiftUIUITests;
				PRODUCT_NAME = "$(TARGET_NAME)";
				SWIFT_VERSION = 5.0;
				TARGETED_DEVICE_FAMILY = "1,2";
				TEST_TARGET_NAME = MarvelAppSwiftUI;
			};
			name = Debug;
		};
		5A84E9A9267F859E0034EA80 /* Release */ = {
			isa = XCBuildConfiguration;
			buildSettings = {
				ALWAYS_EMBED_SWIFT_STANDARD_LIBRARIES = YES;
				CODE_SIGN_STYLE = Automatic;
				DEVELOPMENT_TEAM = SL8XHPVUK3;
				INFOPLIST_FILE = MarvelAppSwiftUIUITests/Info.plist;
				LD_RUNPATH_SEARCH_PATHS = (
					"$(inherited)",
					"@executable_path/Frameworks",
					"@loader_path/Frameworks",
				);
				PRODUCT_BUNDLE_IDENTIFIER = com.hasan.UserDefaultsExample.MarvelAppSwiftUIUITests;
				PRODUCT_NAME = "$(TARGET_NAME)";
				SWIFT_VERSION = 5.0;
				TARGETED_DEVICE_FAMILY = "1,2";
				TEST_TARGET_NAME = MarvelAppSwiftUI;
			};
			name = Release;
		};
/* End XCBuildConfiguration section */

/* Begin XCConfigurationList section */
		5A84E972267F859C0034EA80 /* Build configuration list for PBXProject "MarvelAppSwiftUI" */ = {
			isa = XCConfigurationList;
			buildConfigurations = (
				5A84E99F267F859E0034EA80 /* Debug */,
				5A84E9A0267F859E0034EA80 /* Release */,
			);
			defaultConfigurationIsVisible = 0;
			defaultConfigurationName = Release;
		};
		5A84E9A1267F859E0034EA80 /* Build configuration list for PBXNativeTarget "MarvelAppSwiftUI" */ = {
			isa = XCConfigurationList;
			buildConfigurations = (
				5A84E9A2267F859E0034EA80 /* Debug */,
				5A84E9A3267F859E0034EA80 /* Release */,
			);
			defaultConfigurationIsVisible = 0;
			defaultConfigurationName = Release;
		};
		5A84E9A4267F859E0034EA80 /* Build configuration list for PBXNativeTarget "MarvelAppSwiftUITests" */ = {
			isa = XCConfigurationList;
			buildConfigurations = (
				5A84E9A5267F859E0034EA80 /* Debug */,
				5A84E9A6267F859E0034EA80 /* Release */,
			);
			defaultConfigurationIsVisible = 0;
			defaultConfigurationName = Release;
		};
		5A84E9A7267F859E0034EA80 /* Build configuration list for PBXNativeTarget "MarvelAppSwiftUIUITests" */ = {
			isa = XCConfigurationList;
			buildConfigurations = (
				5A84E9A8267F859E0034EA80 /* Debug */,
				5A84E9A9267F859E0034EA80 /* Release */,
			);
			defaultConfigurationIsVisible = 0;
			defaultConfigurationName = Release;
		};
/* End XCConfigurationList section */
	};
	rootObject = 5A84E96F267F859C0034EA80 /* Project object */;
}
